
Microsoft Visual Studio Solution File, Format Version 12.00
# Visual Studio Version 16
VisualStudioVersion = 16.0.30011.22
MinimumVisualStudioVersion = 10.0.40219.1
Project("{FAE04EC0-301F-11D3-BF4B-00C04F79EFBC}") = "HospitalCharges", "HospitalCharges\HospitalCharges.csproj", "{F388F640-F1C2-413C-85DE-3D21B68F68C9}"
EndProject
Global
	GlobalSection(SolutionConfigurationPlatforms) = preSolution
		Debug|Any CPU = Debug|Any CPU
		Release|Any CPU = Release|Any CPU
	EndGlobalSection
	GlobalSection(ProjectConfigurationPlatforms) = postSolution
		{F388F640-F1C2-413C-85DE-3D21B68F68C9}.Debug|Any CPU.ActiveCfg = Debug|Any CPU
		{F388F640-F1C2-413C-85DE-3D21B68F68C9}.Debug|Any CPU.Build.0 = Debug|Any CPU
		{F388F640-F1C2-413C-85DE-3D21B68F68C9}.Release|Any CPU.ActiveCfg = Release|Any CPU
		{F388F640-F1C2-413C-85DE-3D21B68F68C9}.Release|Any CPU.Build.0 = Release|Any CPU
	EndGlobalSection
	GlobalSection(SolutionProperties) = preSolution
		HideSolutionNode = FALSE
	EndGlobalSection
	GlobalSection(ExtensibilityGlobals) = postSolution
		SolutionGuid = {374DB923-BBE6-4CE7-987B-77ABCD62A401}
	EndGlobalSection
EndGlobal
