
Microsoft Visual Studio Solution File, Format Version 12.00
# Visual Studio Version 16
VisualStudioVersion = 16.0.30011.22
MinimumVisualStudioVersion = 10.0.40219.1
Project("{FAE04EC0-301F-11D3-BF4B-00C04F79EFBC}") = "FactorialWithMethod", "FactorialWithMethod\FactorialWithMethod.csproj", "{BE4CB323-4A83-4AB1-96B2-57A7E42264DE}"
EndProject
Global
	GlobalSection(SolutionConfigurationPlatforms) = preSolution
		Debug|Any CPU = Debug|Any CPU
		Release|Any CPU = Release|Any CPU
	EndGlobalSection
	GlobalSection(ProjectConfigurationPlatforms) = postSolution
		{BE4CB323-4A83-4AB1-96B2-57A7E42264DE}.Debug|Any CPU.ActiveCfg = Debug|Any CPU
		{BE4CB323-4A83-4AB1-96B2-57A7E42264DE}.Debug|Any CPU.Build.0 = Debug|Any CPU
		{BE4CB323-4A83-4AB1-96B2-57A7E42264DE}.Release|Any CPU.ActiveCfg = Release|Any CPU
		{BE4CB323-4A83-4AB1-96B2-57A7E42264DE}.Release|Any CPU.Build.0 = Release|Any CPU
	EndGlobalSection
	GlobalSection(SolutionProperties) = preSolution
		HideSolutionNode = FALSE
	EndGlobalSection
	GlobalSection(ExtensibilityGlobals) = postSolution
		SolutionGuid = {4D5FEECC-61AA-4B88-A4A5-76795B08E6C7}
	EndGlobalSection
EndGlobal
